// !$*UTF8*$!
{
	archiveVersion = 1;
	classes = {
	};
	objectVersion = 56;
	objects = {

/* Begin PBXBuildFile section */
		986E33C6291AA42900172610 /* LiDARScanningAppApp.swift in Sources */ = {isa = PBXBuildFile; fileRef = 986E33C5291AA42900172610 /* LiDARScanningAppApp.swift */; };
		986E33C8291AA42900172610 /* ContentView.swift in Sources */ = {isa = PBXBuildFile; fileRef = 986E33C7291AA42900172610 /* ContentView.swift */; };
		986E33CA291AA42A00172610 /* Assets.xcassets in Resources */ = {isa = PBXBuildFile; fileRef = 986E33C9291AA42A00172610 /* Assets.xcassets */; };
		986E33CD291AA42A00172610 /* Preview Assets.xcassets in Resources */ = {isa = PBXBuildFile; fileRef = 986E33CC291AA42A00172610 /* Preview Assets.xcassets */; };
		986E33D4291AA5FE00172610 /* Coordinator.swift in Sources */ = {isa = PBXBuildFile; fileRef = 986E33D3291AA5FE00172610 /* Coordinator.swift */; };
		986E33D7291AA9F700172610 /* MainRenderer.swift in Sources */ = {isa = PBXBuildFile; fileRef = 986E33D6291AA9F700172610 /* MainRenderer.swift */; };
		986E33D9291AAAFD00172610 /* Scene2DShaders.metal in Sources */ = {isa = PBXBuildFile; fileRef = 986E33D8291AAAFD00172610 /* Scene2DShaders.metal */; };
		986E33DB291AAC8B00172610 /* CoreVideoExtensions.swift in Sources */ = {isa = PBXBuildFile; fileRef = 986E33DA291AAC8B00172610 /* CoreVideoExtensions.swift */; };
		986E33DD291AAE8400172610 /* CameraMeasurements.swift in Sources */ = {isa = PBXBuildFile; fileRef = 986E33DC291AAE8400172610 /* CameraMeasurements.swift */; };
		986E33E0291AAEA800172610 /* DeviceKit in Frameworks */ = {isa = PBXBuildFile; productRef = 986E33DF291AAEA800172610 /* DeviceKit */; };
		986E33E3291AAF2100172610 /* DeviceMeasurementProvider.swift in Sources */ = {isa = PBXBuildFile; fileRef = 986E33E2291AAF2100172610 /* DeviceMeasurementProvider.swift */; };
		986E33E5291AAF3200172610 /* DeviceMeasurements.swift in Sources */ = {isa = PBXBuildFile; fileRef = 986E33E4291AAF3200172610 /* DeviceMeasurements.swift */; };
		986E33E7291AAF4200172610 /* FutureDeviceMeasurements.swift in Sources */ = {isa = PBXBuildFile; fileRef = 986E33E6291AAF4200172610 /* FutureDeviceMeasurements.swift */; };
		98BB44DE291BF4C60024C064 /* SceneRenderer.swift in Sources */ = {isa = PBXBuildFile; fileRef = 98BB44DD291BF4C60024C064 /* SceneRenderer.swift */; };
		98BB44E0291BF4F00024C064 /* DelegateRenderer.swift in Sources */ = {isa = PBXBuildFile; fileRef = 98BB44DF291BF4F00024C064 /* DelegateRenderer.swift */; };
		98BB44E4291BF7620024C064 /* ColorUtilities.metal in Sources */ = {isa = PBXBuildFile; fileRef = 98BB44E3291BF7620024C064 /* ColorUtilities.metal */; };
		98BB44E6291BFB290024C064 /* UserSettings.swift in Sources */ = {isa = PBXBuildFile; fileRef = 98BB44E5291BFB290024C064 /* UserSettings.swift */; };
		98BB44E8291BFE3F0024C064 /* MathUtilities.swift in Sources */ = {isa = PBXBuildFile; fileRef = 98BB44E7291BFE3F0024C064 /* MathUtilities.swift */; };
		98BB44EA291BFE530024C064 /* simdExtensions.swift in Sources */ = {isa = PBXBuildFile; fileRef = 98BB44E9291BFE530024C064 /* simdExtensions.swift */; };
		98BB44EC291C4EC10024C064 /* LiDARMeshShaders.metal in Sources */ = {isa = PBXBuildFile; fileRef = 98BB44EB291C4EC10024C064 /* LiDARMeshShaders.metal */; };
		98BB44EF291C50820024C064 /* MemoryUtilities.metal in Sources */ = {isa = PBXBuildFile; fileRef = 98BB44EE291C50820024C064 /* MemoryUtilities.metal */; };
		98BB44F1291C50BE0024C064 /* SceneMeshReduction.metal in Sources */ = {isa = PBXBuildFile; fileRef = 98BB44F0291C50BE0024C064 /* SceneMeshReduction.metal */; };
		98BB44F3291C50CA0024C064 /* SceneMeshReducer.swift in Sources */ = {isa = PBXBuildFile; fileRef = 98BB44F2291C50CA0024C064 /* SceneMeshReducer.swift */; };
		98BB44F5291C512A0024C064 /* MetalExtensions.swift in Sources */ = {isa = PBXBuildFile; fileRef = 98BB44F4291C512A0024C064 /* MetalExtensions.swift */; };
		98BB44F7291C51330024C064 /* MTLLayeredBuffer.swift in Sources */ = {isa = PBXBuildFile; fileRef = 98BB44F6291C51330024C064 /* MTLLayeredBuffer.swift */; };
		98BB44F9291C515F0024C064 /* DebuggingUtilities.swift in Sources */ = {isa = PBXBuildFile; fileRef = 98BB44F8291C515F0024C064 /* DebuggingUtilities.swift */; };
/* End PBXBuildFile section */

/* Begin PBXFileReference section */
		986E33C2291AA42900172610 /* LiDARScanningApp.app */ = {isa = PBXFileReference; explicitFileType = wrapper.application; includeInIndex = 0; path = LiDARScanningApp.app; sourceTree = BUILT_PRODUCTS_DIR; };
		986E33C5291AA42900172610 /* LiDARScanningAppApp.swift */ = {isa = PBXFileReference; lastKnownFileType = sourcecode.swift; path = LiDARScanningAppApp.swift; sourceTree = "<group>"; };
		986E33C7291AA42900172610 /* ContentView.swift */ = {isa = PBXFileReference; lastKnownFileType = sourcecode.swift; path = ContentView.swift; sourceTree = "<group>"; };
		986E33C9291AA42A00172610 /* Assets.xcassets */ = {isa = PBXFileReference; lastKnownFileType = folder.assetcatalog; path = Assets.xcassets; sourceTree = "<group>"; };
		986E33CC291AA42A00172610 /* Preview Assets.xcassets */ = {isa = PBXFileReference; lastKnownFileType = folder.assetcatalog; path = "Preview Assets.xcassets"; sourceTree = "<group>"; };
		986E33D3291AA5FE00172610 /* Coordinator.swift */ = {isa = PBXFileReference; lastKnownFileType = sourcecode.swift; path = Coordinator.swift; sourceTree = "<group>"; };
		986E33D5291AA91700172610 /* Info.plist */ = {isa = PBXFileReference; lastKnownFileType = text.plist; path = Info.plist; sourceTree = "<group>"; };
		986E33D6291AA9F700172610 /* MainRenderer.swift */ = {isa = PBXFileReference; lastKnownFileType = sourcecode.swift; path = MainRenderer.swift; sourceTree = "<group>"; };
		986E33D8291AAAFD00172610 /* Scene2DShaders.metal */ = {isa = PBXFileReference; lastKnownFileType = sourcecode.metal; path = Scene2DShaders.metal; sourceTree = "<group>"; };
		986E33DA291AAC8B00172610 /* CoreVideoExtensions.swift */ = {isa = PBXFileReference; lastKnownFileType = sourcecode.swift; path = CoreVideoExtensions.swift; sourceTree = "<group>"; };
		986E33DC291AAE8400172610 /* CameraMeasurements.swift */ = {isa = PBXFileReference; lastKnownFileType = sourcecode.swift; path = CameraMeasurements.swift; sourceTree = "<group>"; };
		986E33E2291AAF2100172610 /* DeviceMeasurementProvider.swift */ = {isa = PBXFileReference; lastKnownFileType = sourcecode.swift; path = DeviceMeasurementProvider.swift; sourceTree = "<group>"; };
		986E33E4291AAF3200172610 /* DeviceMeasurements.swift */ = {isa = PBXFileReference; lastKnownFileType = sourcecode.swift; path = DeviceMeasurements.swift; sourceTree = "<group>"; };
		986E33E6291AAF4200172610 /* FutureDeviceMeasurements.swift */ = {isa = PBXFileReference; lastKnownFileType = sourcecode.swift; path = FutureDeviceMeasurements.swift; sourceTree = "<group>"; };
		98BB44DD291BF4C60024C064 /* SceneRenderer.swift */ = {isa = PBXFileReference; lastKnownFileType = sourcecode.swift; path = SceneRenderer.swift; sourceTree = "<group>"; };
		98BB44DF291BF4F00024C064 /* DelegateRenderer.swift */ = {isa = PBXFileReference; lastKnownFileType = sourcecode.swift; path = DelegateRenderer.swift; sourceTree = "<group>"; };
		98BB44E2291BF74C0024C064 /* ColorUtilities.h */ = {isa = PBXFileReference; lastKnownFileType = sourcecode.c.h; path = ColorUtilities.h; sourceTree = "<group>"; };
		98BB44E3291BF7620024C064 /* ColorUtilities.metal */ = {isa = PBXFileReference; lastKnownFileType = sourcecode.metal; path = ColorUtilities.metal; sourceTree = "<group>"; };
		98BB44E5291BFB290024C064 /* UserSettings.swift */ = {isa = PBXFileReference; lastKnownFileType = sourcecode.swift; path = UserSettings.swift; sourceTree = "<group>"; };
		98BB44E7291BFE3F0024C064 /* MathUtilities.swift */ = {isa = PBXFileReference; lastKnownFileType = sourcecode.swift; path = MathUtilities.swift; sourceTree = "<group>"; };
		98BB44E9291BFE530024C064 /* simdExtensions.swift */ = {isa = PBXFileReference; lastKnownFileType = sourcecode.swift; path = simdExtensions.swift; sourceTree = "<group>"; };
		98BB44EB291C4EC10024C064 /* LiDARMeshShaders.metal */ = {isa = PBXFileReference; lastKnownFileType = sourcecode.metal; path = LiDARMeshShaders.metal; sourceTree = "<group>"; };
		98BB44ED291C50710024C064 /* MemoryUtilities.h */ = {isa = PBXFileReference; lastKnownFileType = sourcecode.c.h; path = MemoryUtilities.h; sourceTree = "<group>"; };
		98BB44EE291C50820024C064 /* MemoryUtilities.metal */ = {isa = PBXFileReference; lastKnownFileType = sourcecode.metal; path = MemoryUtilities.metal; sourceTree = "<group>"; };
		98BB44F0291C50BE0024C064 /* SceneMeshReduction.metal */ = {isa = PBXFileReference; lastKnownFileType = sourcecode.metal; path = SceneMeshReduction.metal; sourceTree = "<group>"; };
		98BB44F2291C50CA0024C064 /* SceneMeshReducer.swift */ = {isa = PBXFileReference; lastKnownFileType = sourcecode.swift; path = SceneMeshReducer.swift; sourceTree = "<group>"; };
		98BB44F4291C512A0024C064 /* MetalExtensions.swift */ = {isa = PBXFileReference; lastKnownFileType = sourcecode.swift; path = MetalExtensions.swift; sourceTree = "<group>"; };
		98BB44F6291C51330024C064 /* MTLLayeredBuffer.swift */ = {isa = PBXFileReference; lastKnownFileType = sourcecode.swift; path = MTLLayeredBuffer.swift; sourceTree = "<group>"; };
		98BB44F8291C515F0024C064 /* DebuggingUtilities.swift */ = {isa = PBXFileReference; lastKnownFileType = sourcecode.swift; path = DebuggingUtilities.swift; sourceTree = "<group>"; };
/* End PBXFileReference section */

/* Begin PBXFrameworksBuildPhase section */
		986E33BF291AA42900172610 /* Frameworks */ = {
			isa = PBXFrameworksBuildPhase;
			buildActionMask = 2147483647;
			files = (
				986E33E0291AAEA800172610 /* DeviceKit in Frameworks */,
			);
			runOnlyForDeploymentPostprocessing = 0;
		};
/* End PBXFrameworksBuildPhase section */

/* Begin PBXGroup section */
		986E33B9291AA42900172610 = {
			isa = PBXGroup;
			children = (
				986E33C4291AA42900172610 /* LiDARScanningApp */,
				986E33C3291AA42900172610 /* Products */,
			);
			sourceTree = "<group>";
		};
		986E33C3291AA42900172610 /* Products */ = {
			isa = PBXGroup;
			children = (
				986E33C2291AA42900172610 /* LiDARScanningApp.app */,
			);
			name = Products;
			sourceTree = "<group>";
		};
		986E33C4291AA42900172610 /* LiDARScanningApp */ = {
			isa = PBXGroup;
			children = (
				98BB44E1291BF72F0024C064 /* Metal Utilities */,
				98BB44DC291BF49B0024C064 /* Delegate Renderers */,
				986E33E1291AAF0B00172610 /* Framework Extensions */,
				986E33D5291AA91700172610 /* Info.plist */,
				986E33C5291AA42900172610 /* LiDARScanningAppApp.swift */,
				986E33C7291AA42900172610 /* ContentView.swift */,
				986E33C9291AA42A00172610 /* Assets.xcassets */,
				986E33CB291AA42A00172610 /* Preview Content */,
				986E33D3291AA5FE00172610 /* Coordinator.swift */,
				986E33D6291AA9F700172610 /* MainRenderer.swift */,
			);
			path = LiDARScanningApp;
			sourceTree = "<group>";
		};
		986E33CB291AA42A00172610 /* Preview Content */ = {
			isa = PBXGroup;
			children = (
				986E33CC291AA42A00172610 /* Preview Assets.xcassets */,
			);
			path = "Preview Content";
			sourceTree = "<group>";
		};
		986E33E1291AAF0B00172610 /* Framework Extensions */ = {
			isa = PBXGroup;
			children = (
				986E33DA291AAC8B00172610 /* CoreVideoExtensions.swift */,
				986E33E2291AAF2100172610 /* DeviceMeasurementProvider.swift */,
				986E33E4291AAF3200172610 /* DeviceMeasurements.swift */,
				986E33E6291AAF4200172610 /* FutureDeviceMeasurements.swift */,
				98BB44E7291BFE3F0024C064 /* MathUtilities.swift */,
				98BB44E9291BFE530024C064 /* simdExtensions.swift */,
				98BB44F4291C512A0024C064 /* MetalExtensions.swift */,
				98BB44F6291C51330024C064 /* MTLLayeredBuffer.swift */,
				98BB44F8291C515F0024C064 /* DebuggingUtilities.swift */,
			);
			path = "Framework Extensions";
			sourceTree = "<group>";
		};
		98BB44DC291BF49B0024C064 /* Delegate Renderers */ = {
			isa = PBXGroup;
			children = (
				986E33DC291AAE8400172610 /* CameraMeasurements.swift */,
				98BB44DD291BF4C60024C064 /* SceneRenderer.swift */,
				98BB44DF291BF4F00024C064 /* DelegateRenderer.swift */,
				986E33D8291AAAFD00172610 /* Scene2DShaders.metal */,
				98BB44E5291BFB290024C064 /* UserSettings.swift */,
				98BB44EB291C4EC10024C064 /* LiDARMeshShaders.metal */,
				98BB44F0291C50BE0024C064 /* SceneMeshReduction.metal */,
				98BB44F2291C50CA0024C064 /* SceneMeshReducer.swift */,
			);
			path = "Delegate Renderers";
			sourceTree = "<group>";
		};
		98BB44E1291BF72F0024C064 /* Metal Utilities */ = {
			isa = PBXGroup;
			children = (
				98BB44E2291BF74C0024C064 /* ColorUtilities.h */,
				98BB44E3291BF7620024C064 /* ColorUtilities.metal */,
				98BB44ED291C50710024C064 /* MemoryUtilities.h */,
				98BB44EE291C50820024C064 /* MemoryUtilities.metal */,
			);
			path = "Metal Utilities";
			sourceTree = "<group>";
		};
/* End PBXGroup section */

/* Begin PBXNativeTarget section */
		986E33C1291AA42900172610 /* LiDARScanningApp */ = {
			isa = PBXNativeTarget;
			buildConfigurationList = 986E33D0291AA42A00172610 /* Build configuration list for PBXNativeTarget "LiDARScanningApp" */;
			buildPhases = (
				986E33BE291AA42900172610 /* Sources */,
				986E33BF291AA42900172610 /* Frameworks */,
				986E33C0291AA42900172610 /* Resources */,
			);
			buildRules = (
			);
			dependencies = (
			);
			name = LiDARScanningApp;
			packageProductDependencies = (
				986E33DF291AAEA800172610 /* DeviceKit */,
			);
			productName = LiDARScanningApp;
			productReference = 986E33C2291AA42900172610 /* LiDARScanningApp.app */;
			productType = "com.apple.product-type.application";
		};
/* End PBXNativeTarget section */

/* Begin PBXProject section */
		986E33BA291AA42900172610 /* Project object */ = {
			isa = PBXProject;
			attributes = {
				BuildIndependentTargetsInParallel = 1;
				LastSwiftUpdateCheck = 1410;
				LastUpgradeCheck = 1410;
				TargetAttributes = {
					986E33C1291AA42900172610 = {
						CreatedOnToolsVersion = 14.1;
					};
				};
			};
			buildConfigurationList = 986E33BD291AA42900172610 /* Build configuration list for PBXProject "LiDARScanningApp" */;
			compatibilityVersion = "Xcode 14.0";
			developmentRegion = en;
			hasScannedForEncodings = 0;
			knownRegions = (
				en,
				Base,
			);
			mainGroup = 986E33B9291AA42900172610;
			packageReferences = (
				986E33DE291AAEA800172610 /* XCRemoteSwiftPackageReference "DeviceKit" */,
			);
			productRefGroup = 986E33C3291AA42900172610 /* Products */;
			projectDirPath = "";
			projectRoot = "";
			targets = (
				986E33C1291AA42900172610 /* LiDARScanningApp */,
			);
		};
/* End PBXProject section */

/* Begin PBXResourcesBuildPhase section */
		986E33C0291AA42900172610 /* Resources */ = {
			isa = PBXResourcesBuildPhase;
			buildActionMask = 2147483647;
			files = (
				986E33CD291AA42A00172610 /* Preview Assets.xcassets in Resources */,
				986E33CA291AA42A00172610 /* Assets.xcassets in Resources */,
			);
			runOnlyForDeploymentPostprocessing = 0;
		};
/* End PBXResourcesBuildPhase section */

/* Begin PBXSourcesBuildPhase section */
		986E33BE291AA42900172610 /* Sources */ = {
			isa = PBXSourcesBuildPhase;
			buildActionMask = 2147483647;
			files = (
				98BB44F7291C51330024C064 /* MTLLayeredBuffer.swift in Sources */,
				986E33E5291AAF3200172610 /* DeviceMeasurements.swift in Sources */,
				98BB44EC291C4EC10024C064 /* LiDARMeshShaders.metal in Sources */,
				986E33DD291AAE8400172610 /* CameraMeasurements.swift in Sources */,
				986E33DB291AAC8B00172610 /* CoreVideoExtensions.swift in Sources */,
				986E33C8291AA42900172610 /* ContentView.swift in Sources */,
				98BB44E8291BFE3F0024C064 /* MathUtilities.swift in Sources */,
				98BB44E4291BF7620024C064 /* ColorUtilities.metal in Sources */,
				98BB44DE291BF4C60024C064 /* SceneRenderer.swift in Sources */,
				98BB44F9291C515F0024C064 /* DebuggingUtilities.swift in Sources */,
				986E33E3291AAF2100172610 /* DeviceMeasurementProvider.swift in Sources */,
				986E33D7291AA9F700172610 /* MainRenderer.swift in Sources */,
				98BB44E0291BF4F00024C064 /* DelegateRenderer.swift in Sources */,
				98BB44F5291C512A0024C064 /* MetalExtensions.swift in Sources */,
				986E33C6291AA42900172610 /* LiDARScanningAppApp.swift in Sources */,
				98BB44F1291C50BE0024C064 /* SceneMeshReduction.metal in Sources */,
				986E33D4291AA5FE00172610 /* Coordinator.swift in Sources */,
				98BB44EA291BFE530024C064 /* simdExtensions.swift in Sources */,
				98BB44E6291BFB290024C064 /* UserSettings.swift in Sources */,
				98BB44EF291C50820024C064 /* MemoryUtilities.metal in Sources */,
				986E33D9291AAAFD00172610 /* Scene2DShaders.metal in Sources */,
				98BB44F3291C50CA0024C064 /* SceneMeshReducer.swift in Sources */,
				986E33E7291AAF4200172610 /* FutureDeviceMeasurements.swift in Sources */,
			);
			runOnlyForDeploymentPostprocessing = 0;
		};
/* End PBXSourcesBuildPhase section */

/* Begin XCBuildConfiguration section */
		986E33CE291AA42A00172610 /* Debug */ = {
			isa = XCBuildConfiguration;
			buildSettings = {
				ALWAYS_SEARCH_USER_PATHS = NO;
				CLANG_ANALYZER_NONNULL = YES;
				CLANG_ANALYZER_NUMBER_OBJECT_CONVERSION = YES_AGGRESSIVE;
				CLANG_CXX_LANGUAGE_STANDARD = "gnu++20";
				CLANG_ENABLE_MODULES = YES;
				CLANG_ENABLE_OBJC_ARC = YES;
				CLANG_ENABLE_OBJC_WEAK = YES;
				CLANG_WARN_BLOCK_CAPTURE_AUTORELEASING = YES;
				CLANG_WARN_BOOL_CONVERSION = YES;
				CLANG_WARN_COMMA = YES;
				CLANG_WARN_CONSTANT_CONVERSION = YES;
				CLANG_WARN_DEPRECATED_OBJC_IMPLEMENTATIONS = YES;
				CLANG_WARN_DIRECT_OBJC_ISA_USAGE = YES_ERROR;
				CLANG_WARN_DOCUMENTATION_COMMENTS = YES;
				CLANG_WARN_EMPTY_BODY = YES;
				CLANG_WARN_ENUM_CONVERSION = YES;
				CLANG_WARN_INFINITE_RECURSION = YES;
				CLANG_WARN_INT_CONVERSION = YES;
				CLANG_WARN_NON_LITERAL_NULL_CONVERSION = YES;
				CLANG_WARN_OBJC_IMPLICIT_RETAIN_SELF = YES;
				CLANG_WARN_OBJC_LITERAL_CONVERSION = YES;
				CLANG_WARN_OBJC_ROOT_CLASS = YES_ERROR;
				CLANG_WARN_QUOTED_INCLUDE_IN_FRAMEWORK_HEADER = YES;
				CLANG_WARN_RANGE_LOOP_ANALYSIS = YES;
				CLANG_WARN_STRICT_PROTOTYPES = YES;
				CLANG_WARN_SUSPICIOUS_MOVE = YES;
				CLANG_WARN_UNGUARDED_AVAILABILITY = YES_AGGRESSIVE;
				CLANG_WARN_UNREACHABLE_CODE = YES;
				CLANG_WARN__DUPLICATE_METHOD_MATCH = YES;
				COPY_PHASE_STRIP = NO;
				DEBUG_INFORMATION_FORMAT = dwarf;
				ENABLE_STRICT_OBJC_MSGSEND = YES;
				ENABLE_TESTABILITY = YES;
				GCC_C_LANGUAGE_STANDARD = gnu11;
				GCC_DYNAMIC_NO_PIC = NO;
				GCC_NO_COMMON_BLOCKS = YES;
				GCC_OPTIMIZATION_LEVEL = 0;
				GCC_PREPROCESSOR_DEFINITIONS = (
					"DEBUG=1",
					"$(inherited)",
				);
				GCC_WARN_64_TO_32_BIT_CONVERSION = YES;
				GCC_WARN_ABOUT_RETURN_TYPE = YES_ERROR;
				GCC_WARN_UNDECLARED_SELECTOR = YES;
				GCC_WARN_UNINITIALIZED_AUTOS = YES_AGGRESSIVE;
				GCC_WARN_UNUSED_FUNCTION = YES;
				GCC_WARN_UNUSED_VARIABLE = YES;
				IPHONEOS_DEPLOYMENT_TARGET = 16.1;
				MTL_ENABLE_DEBUG_INFO = INCLUDE_SOURCE;
				MTL_FAST_MATH = YES;
				ONLY_ACTIVE_ARCH = YES;
				SDKROOT = iphoneos;
				SWIFT_ACTIVE_COMPILATION_CONDITIONS = DEBUG;
				SWIFT_OPTIMIZATION_LEVEL = "-Onone";
			};
			name = Debug;
		};
		986E33CF291AA42A00172610 /* Release */ = {
			isa = XCBuildConfiguration;
			buildSettings = {
				ALWAYS_SEARCH_USER_PATHS = NO;
				CLANG_ANALYZER_NONNULL = YES;
				CLANG_ANALYZER_NUMBER_OBJECT_CONVERSION = YES_AGGRESSIVE;
				CLANG_CXX_LANGUAGE_STANDARD = "gnu++20";
				CLANG_ENABLE_MODULES = YES;
				CLANG_ENABLE_OBJC_ARC = YES;
				CLANG_ENABLE_OBJC_WEAK = YES;
				CLANG_WARN_BLOCK_CAPTURE_AUTORELEASING = YES;
				CLANG_WARN_BOOL_CONVERSION = YES;
				CLANG_WARN_COMMA = YES;
				CLANG_WARN_CONSTANT_CONVERSION = YES;
				CLANG_WARN_DEPRECATED_OBJC_IMPLEMENTATIONS = YES;
				CLANG_WARN_DIRECT_OBJC_ISA_USAGE = YES_ERROR;
				CLANG_WARN_DOCUMENTATION_COMMENTS = YES;
				CLANG_WARN_EMPTY_BODY = YES;
				CLANG_WARN_ENUM_CONVERSION = YES;
				CLANG_WARN_INFINITE_RECURSION = YES;
				CLANG_WARN_INT_CONVERSION = YES;
				CLANG_WARN_NON_LITERAL_NULL_CONVERSION = YES;
				CLANG_WARN_OBJC_IMPLICIT_RETAIN_SELF = YES;
				CLANG_WARN_OBJC_LITERAL_CONVERSION = YES;
				CLANG_WARN_OBJC_ROOT_CLASS = YES_ERROR;
				CLANG_WARN_QUOTED_INCLUDE_IN_FRAMEWORK_HEADER = YES;
				CLANG_WARN_RANGE_LOOP_ANALYSIS = YES;
				CLANG_WARN_STRICT_PROTOTYPES = YES;
				CLANG_WARN_SUSPICIOUS_MOVE = YES;
				CLANG_WARN_UNGUARDED_AVAILABILITY = YES_AGGRESSIVE;
				CLANG_WARN_UNREACHABLE_CODE = YES;
				CLANG_WARN__DUPLICATE_METHOD_MATCH = YES;
				COPY_PHASE_STRIP = NO;
				DEBUG_INFORMATION_FORMAT = "dwarf-with-dsym";
				ENABLE_NS_ASSERTIONS = NO;
				ENABLE_STRICT_OBJC_MSGSEND = YES;
				GCC_C_LANGUAGE_STANDARD = gnu11;
				GCC_NO_COMMON_BLOCKS = YES;
				GCC_WARN_64_TO_32_BIT_CONVERSION = YES;
				GCC_WARN_ABOUT_RETURN_TYPE = YES_ERROR;
				GCC_WARN_UNDECLARED_SELECTOR = YES;
				GCC_WARN_UNINITIALIZED_AUTOS = YES_AGGRESSIVE;
				GCC_WARN_UNUSED_FUNCTION = YES;
				GCC_WARN_UNUSED_VARIABLE = YES;
				IPHONEOS_DEPLOYMENT_TARGET = 16.1;
				MTL_ENABLE_DEBUG_INFO = NO;
				MTL_FAST_MATH = YES;
				SDKROOT = iphoneos;
				SWIFT_COMPILATION_MODE = wholemodule;
				SWIFT_OPTIMIZATION_LEVEL = "-O";
				VALIDATE_PRODUCT = YES;
			};
			name = Release;
		};
		986E33D1291AA42A00172610 /* Debug */ = {
			isa = XCBuildConfiguration;
			buildSettings = {
				ASSETCATALOG_COMPILER_APPICON_NAME = AppIcon;
				ASSETCATALOG_COMPILER_GLOBAL_ACCENT_COLOR_NAME = AccentColor;
				CODE_SIGN_STYLE = Automatic;
				CURRENT_PROJECT_VERSION = 1;
				DEVELOPMENT_ASSET_PATHS = "\"LiDARScanningApp/Preview Content\"";
				DEVELOPMENT_TEAM = 6T952M2592;
				ENABLE_PREVIEWS = YES;
				GENERATE_INFOPLIST_FILE = YES;
				INFOPLIST_FILE = LiDARScanningApp/Info.plist;
				INFOPLIST_KEY_NSCameraUsageDescription = "Needs camera to scan the scene.";
				INFOPLIST_KEY_UIApplicationSupportsIndirectInputEvents = YES;
				INFOPLIST_KEY_UILaunchScreen_Generation = YES;
				INFOPLIST_KEY_UIRequiredDeviceCapabilities = arkit;
				INFOPLIST_KEY_UIRequiresFullScreen = YES;
				INFOPLIST_KEY_UIStatusBarHidden = YES;
				INFOPLIST_KEY_UISupportedInterfaceOrientations = UIInterfaceOrientationPortrait;
				INFOPLIST_KEY_UISupportedInterfaceOrientations_iPad = UIInterfaceOrientationPortrait;
				LD_RUNPATH_SEARCH_PATHS = (
					"$(inherited)",
					"@executable_path/Frameworks",
				);
				MARKETING_VERSION = 1.0;
				MTL_COMPILER_FLAGS = "-fpreserve-invariance";
				MTL_OPTIMIZATION_LEVEL = default;
				PRODUCT_BUNDLE_IDENTIFIER = "com.philipturner-opensource.LiDARScanningApp";
				PRODUCT_NAME = "$(TARGET_NAME)";
				SWIFT_EMIT_LOC_STRINGS = YES;
				SWIFT_VERSION = 5.0;
				TARGETED_DEVICE_FAMILY = "1,2";
			};
			name = Debug;
		};
		986E33D2291AA42A00172610 /* Release */ = {
			isa = XCBuildConfiguration;
			buildSettings = {
				ASSETCATALOG_COMPILER_APPICON_NAME = AppIcon;
				ASSETCATALOG_COMPILER_GLOBAL_ACCENT_COLOR_NAME = AccentColor;
				CODE_SIGN_STYLE = Automatic;
				CURRENT_PROJECT_VERSION = 1;
				DEVELOPMENT_ASSET_PATHS = "\"LiDARScanningApp/Preview Content\"";
				DEVELOPMENT_TEAM = 6T952M2592;
				ENABLE_PREVIEWS = YES;
				GENERATE_INFOPLIST_FILE = YES;
				INFOPLIST_FILE = LiDARScanningApp/Info.plist;
				INFOPLIST_KEY_NSCameraUsageDescription = "Needs camera to scan the scene.";
				INFOPLIST_KEY_UIApplicationSupportsIndirectInputEvents = YES;
				INFOPLIST_KEY_UILaunchScreen_Generation = YES;
				INFOPLIST_KEY_UIRequiredDeviceCapabilities = arkit;
				INFOPLIST_KEY_UIRequiresFullScreen = YES;
				INFOPLIST_KEY_UIStatusBarHidden = YES;
				INFOPLIST_KEY_UISupportedInterfaceOrientations = UIInterfaceOrientationPortrait;
				INFOPLIST_KEY_UISupportedInterfaceOrientations_iPad = UIInterfaceOrientationPortrait;
				LD_RUNPATH_SEARCH_PATHS = (
					"$(inherited)",
					"@executable_path/Frameworks",
				);
				MARKETING_VERSION = 1.0;
				MTL_COMPILER_FLAGS = "-fpreserve-invariance";
				MTL_OPTIMIZATION_LEVEL = default;
				PRODUCT_BUNDLE_IDENTIFIER = "com.philipturner-opensource.LiDARScanningApp";
				PRODUCT_NAME = "$(TARGET_NAME)";
				SWIFT_EMIT_LOC_STRINGS = YES;
				SWIFT_VERSION = 5.0;
				TARGETED_DEVICE_FAMILY = "1,2";
			};
			name = Release;
		};
/* End XCBuildConfiguration section */

/* Begin XCConfigurationList section */
		986E33BD291AA42900172610 /* Build configuration list for PBXProject "LiDARScanningApp" */ = {
			isa = XCConfigurationList;
			buildConfigurations = (
				986E33CE291AA42A00172610 /* Debug */,
				986E33CF291AA42A00172610 /* Release */,
			);
			defaultConfigurationIsVisible = 0;
			defaultConfigurationName = Release;
		};
		986E33D0291AA42A00172610 /* Build configuration list for PBXNativeTarget "LiDARScanningApp" */ = {
			isa = XCConfigurationList;
			buildConfigurations = (
				986E33D1291AA42A00172610 /* Debug */,
				986E33D2291AA42A00172610 /* Release */,
			);
			defaultConfigurationIsVisible = 0;
			defaultConfigurationName = Release;
		};
/* End XCConfigurationList section */

/* Begin XCRemoteSwiftPackageReference section */
		986E33DE291AAEA800172610 /* XCRemoteSwiftPackageReference "DeviceKit" */ = {
			isa = XCRemoteSwiftPackageReference;
			repositoryURL = "https://github.com/devicekit/DeviceKit";
			requirement = {
				kind = upToNextMajorVersion;
				minimumVersion = 5.0.0;
			};
		};
/* End XCRemoteSwiftPackageReference section */

/* Begin XCSwiftPackageProductDependency section */
		986E33DF291AAEA800172610 /* DeviceKit */ = {
			isa = XCSwiftPackageProductDependency;
			package = 986E33DE291AAEA800172610 /* XCRemoteSwiftPackageReference "DeviceKit" */;
			productName = DeviceKit;
		};
/* End XCSwiftPackageProductDependency section */
	};
	rootObject = 986E33BA291AA42900172610 /* Project object */;
}
